
Microsoft Visual Studio Solution File, Format Version 12.00
Project("{FAE04EC0-301F-11D3-BF4B-00C04F79EFBC}") = "BallSort.OpenCv", "BallSort.OpenCv\BallSort.OpenCv.csproj", "{59AD7CC9-840E-42C0-B45B-CED1747AC8C1}"
EndProject
Project("{FAE04EC0-301F-11D3-BF4B-00C04F79EFBC}") = "BallSort.Core", "BallSort.Core\BallSort.Core.csproj", "{CA2B048B-3293-427B-AEBE-51A179AA4B9B}"
EndProject
Project("{FAE04EC0-301F-11D3-BF4B-00C04F79EFBC}") = "BallSort.ConsoleApp", "BallSort.ConsoleApp\BallSort.ConsoleApp.csproj", "{769D4C18-0E76-4C69-9D65-8D4E9B94830B}"
EndProject
Project("{FAE04EC0-301F-11D3-BF4B-00C04F79EFBC}") = "BallSort.Benchmarks", "BallSort.Benchmarks\BallSort.Benchmarks.csproj", "{AA741F34-3899-4E7D-9341-6230A5E9DC85}"
EndProject
Project("{FAE04EC0-301F-11D3-BF4B-00C04F79EFBC}") = "BallSort.Api", "BallSort.Api\BallSort.Api.csproj", "{B7EEAC7D-F38E-4315-A51B-1A3CA76FCBFC}"
EndProject
Global
	GlobalSection(SolutionConfigurationPlatforms) = preSolution
		Debug|Any CPU = Debug|Any CPU
		Release|Any CPU = Release|Any CPU
	EndGlobalSection
	GlobalSection(ProjectConfigurationPlatforms) = postSolution
		{59AD7CC9-840E-42C0-B45B-CED1747AC8C1}.Debug|Any CPU.ActiveCfg = Debug|Any CPU
		{59AD7CC9-840E-42C0-B45B-CED1747AC8C1}.Debug|Any CPU.Build.0 = Debug|Any CPU
		{59AD7CC9-840E-42C0-B45B-CED1747AC8C1}.Release|Any CPU.ActiveCfg = Release|Any CPU
		{59AD7CC9-840E-42C0-B45B-CED1747AC8C1}.Release|Any CPU.Build.0 = Release|Any CPU
		{CA2B048B-3293-427B-AEBE-51A179AA4B9B}.Debug|Any CPU.ActiveCfg = Debug|Any CPU
		{CA2B048B-3293-427B-AEBE-51A179AA4B9B}.Debug|Any CPU.Build.0 = Debug|Any CPU
		{CA2B048B-3293-427B-AEBE-51A179AA4B9B}.Release|Any CPU.ActiveCfg = Release|Any CPU
		{CA2B048B-3293-427B-AEBE-51A179AA4B9B}.Release|Any CPU.Build.0 = Release|Any CPU
		{769D4C18-0E76-4C69-9D65-8D4E9B94830B}.Debug|Any CPU.ActiveCfg = Debug|Any CPU
		{769D4C18-0E76-4C69-9D65-8D4E9B94830B}.Debug|Any CPU.Build.0 = Debug|Any CPU
		{769D4C18-0E76-4C69-9D65-8D4E9B94830B}.Release|Any CPU.ActiveCfg = Release|Any CPU
		{769D4C18-0E76-4C69-9D65-8D4E9B94830B}.Release|Any CPU.Build.0 = Release|Any CPU
		{AA741F34-3899-4E7D-9341-6230A5E9DC85}.Debug|Any CPU.ActiveCfg = Debug|Any CPU
		{AA741F34-3899-4E7D-9341-6230A5E9DC85}.Debug|Any CPU.Build.0 = Debug|Any CPU
		{AA741F34-3899-4E7D-9341-6230A5E9DC85}.Release|Any CPU.ActiveCfg = Release|Any CPU
		{AA741F34-3899-4E7D-9341-6230A5E9DC85}.Release|Any CPU.Build.0 = Release|Any CPU
		{B7EEAC7D-F38E-4315-A51B-1A3CA76FCBFC}.Debug|Any CPU.ActiveCfg = Debug|Any CPU
		{B7EEAC7D-F38E-4315-A51B-1A3CA76FCBFC}.Debug|Any CPU.Build.0 = Debug|Any CPU
		{B7EEAC7D-F38E-4315-A51B-1A3CA76FCBFC}.Release|Any CPU.ActiveCfg = Release|Any CPU
		{B7EEAC7D-F38E-4315-A51B-1A3CA76FCBFC}.Release|Any CPU.Build.0 = Release|Any CPU
	EndGlobalSection
EndGlobal
